
Microsoft Visual Studio Solution File, Format Version 12.00
# Visual Studio 2010
Project("{2150E333-8FDC-42A3-9474-1A3956D46DE8}") = "Solution Items", "Solution Items", "{7C834612-8F96-4F3F-8802-0CEA6C0845A4}"
	ProjectSection(SolutionItems) = preProject
		build.cmd = build.cmd
		License.txt = License.txt
		ReSharper.XUnitTestRunner.build = ReSharper.XUnitTestRunner.build
		ReSharper.XUnitTestRunner.nsi = ReSharper.XUnitTestRunner.nsi
	EndProjectSection
EndProject
Project("{2150E333-8FDC-42A3-9474-1A3956D46DE8}") = "ReSharper", "ReSharper", "{7680498F-0E24-4EAD-9ED6-86875A17BCE6}"
EndProject
Project("{2150E333-8FDC-42A3-9474-1A3956D46DE8}") = "External Annotations", "External Annotations", "{B5E17072-61C6-4282-8B7F-AFD468A84194}"
	ProjectSection(SolutionItems) = preProject
		src\ExternalAnnotations\xunit.xml = src\ExternalAnnotations\xunit.xml
	EndProjectSection
EndProject
Project("{2150E333-8FDC-42A3-9474-1A3956D46DE8}") = "Live Templates", "Live Templates", "{2A137327-8A64-4A79-9F9E-A20540E20B62}"
	ProjectSection(SolutionItems) = preProject
		src\LiveTemplates\xunit-ae.xml = src\LiveTemplates\xunit-ae.xml
		src\LiveTemplates\xunit-xe.xml = src\LiveTemplates\xunit-xe.xml
	EndProjectSection
EndProject
Project("{FAE04EC0-301F-11D3-BF4B-00C04F79EFBC}") = "XUnitTestRunner.Tests", "src\XUnitTestRunner.Tests\XUnitTestRunner.Tests.csproj", "{D4C11286-1981-4D28-A40E-FB624929C61D}"
EndProject
Project("{FAE04EC0-301F-11D3-BF4B-00C04F79EFBC}") = "XUnitTestProvider.8.0", "src\XUnitTestProvider\XUnitTestProvider.8.0.csproj", "{AE37EF14-4EC4-4D53-A3A8-90BECB3F9566}"
EndProject
Project("{FAE04EC0-301F-11D3-BF4B-00C04F79EFBC}") = "XUnitTestRunner.8.0", "src\XUnitTestRunner\XUnitTestRunner.8.0.csproj", "{CFB96B45-E0FC-402F-97BE-0D9754CE7E3B}"
EndProject
Project("{2150E333-8FDC-42A3-9474-1A3956D46DE8}") = ".nuget", ".nuget", "{24B19AEF-6CBB-4C37-A58A-5EB39BB57C64}"
	ProjectSection(SolutionItems) = preProject
		.nuget\NuGet.Config = .nuget\NuGet.Config
		.nuget\NuGet.exe = .nuget\NuGet.exe
		.nuget\NuGet.targets = .nuget\NuGet.targets
	EndProjectSection
EndProject
Project("{2150E333-8FDC-42A3-9474-1A3956D46DE8}") = "ReSharper80", "ReSharper80", "{F2F4574C-5610-42B9-97A2-4BE24654020D}"
EndProject
Project("{2150E333-8FDC-42A3-9474-1A3956D46DE8}") = "ReSharper71", "ReSharper71", "{9B1D80F4-01E7-40A5-9137-8724FB69EE55}"
EndProject
Project("{FAE04EC0-301F-11D3-BF4B-00C04F79EFBC}") = "XUnitTestProvider.7.1", "src\XUnitTestProvider\XUnitTestProvider.7.1.csproj", "{4C84C2B7-9D2F-46DE-80A5-C44AA2873E92}"
	ProjectSection(ProjectDependencies) = postProject
		{91F69AD5-198D-4A24-A18A-1F5A669DBD55} = {91F69AD5-198D-4A24-A18A-1F5A669DBD55}
	EndProjectSection
EndProject
Project("{FAE04EC0-301F-11D3-BF4B-00C04F79EFBC}") = "XUnitTestProvider.Debugger", "src\XUnitTestProvider\XUnitTestProvider.Debugger.csproj", "{5E9D22C3-BDDF-4BC8-BC0D-0216AC131A76}"
EndProject
Project("{FAE04EC0-301F-11D3-BF4B-00C04F79EFBC}") = "XUnitTestRunner.7.1", "src\XUnitTestRunner\XUnitTestRunner.7.1.csproj", "{FDDB314E-FCFF-4838-A006-CE488291EF38}"
EndProject
Global
	GlobalSection(SolutionConfigurationPlatforms) = preSolution
		Debug|Any CPU = Debug|Any CPU
		Release|Any CPU = Release|Any CPU
	EndGlobalSection
	GlobalSection(ProjectConfigurationPlatforms) = postSolution
		{D4C11286-1981-4D28-A40E-FB624929C61D}.Debug|Any CPU.ActiveCfg = Debug|Any CPU
		{D4C11286-1981-4D28-A40E-FB624929C61D}.Debug|Any CPU.Build.0 = Debug|Any CPU
		{D4C11286-1981-4D28-A40E-FB624929C61D}.Release|Any CPU.ActiveCfg = Release|Any CPU
		{D4C11286-1981-4D28-A40E-FB624929C61D}.Release|Any CPU.Build.0 = Release|Any CPU
		{AE37EF14-4EC4-4D53-A3A8-90BECB3F9566}.Debug|Any CPU.ActiveCfg = Debug|Any CPU
		{AE37EF14-4EC4-4D53-A3A8-90BECB3F9566}.Debug|Any CPU.Build.0 = Debug|Any CPU
		{AE37EF14-4EC4-4D53-A3A8-90BECB3F9566}.Release|Any CPU.ActiveCfg = Release|Any CPU
		{AE37EF14-4EC4-4D53-A3A8-90BECB3F9566}.Release|Any CPU.Build.0 = Release|Any CPU
		{CFB96B45-E0FC-402F-97BE-0D9754CE7E3B}.Debug|Any CPU.ActiveCfg = Debug|Any CPU
		{CFB96B45-E0FC-402F-97BE-0D9754CE7E3B}.Debug|Any CPU.Build.0 = Debug|Any CPU
		{CFB96B45-E0FC-402F-97BE-0D9754CE7E3B}.Release|Any CPU.ActiveCfg = Release|Any CPU
		{CFB96B45-E0FC-402F-97BE-0D9754CE7E3B}.Release|Any CPU.Build.0 = Release|Any CPU
		{4C84C2B7-9D2F-46DE-80A5-C44AA2873E92}.Debug|Any CPU.ActiveCfg = Debug|Any CPU
		{4C84C2B7-9D2F-46DE-80A5-C44AA2873E92}.Debug|Any CPU.Build.0 = Debug|Any CPU
		{4C84C2B7-9D2F-46DE-80A5-C44AA2873E92}.Release|Any CPU.ActiveCfg = Release|Any CPU
		{4C84C2B7-9D2F-46DE-80A5-C44AA2873E92}.Release|Any CPU.Build.0 = Release|Any CPU
		{5E9D22C3-BDDF-4BC8-BC0D-0216AC131A76}.Debug|Any CPU.ActiveCfg = Debug|Any CPU
		{5E9D22C3-BDDF-4BC8-BC0D-0216AC131A76}.Debug|Any CPU.Build.0 = Debug|Any CPU
		{5E9D22C3-BDDF-4BC8-BC0D-0216AC131A76}.Release|Any CPU.ActiveCfg = Release|Any CPU
		{5E9D22C3-BDDF-4BC8-BC0D-0216AC131A76}.Release|Any CPU.Build.0 = Release|Any CPU
		{FDDB314E-FCFF-4838-A006-CE488291EF38}.Debug|Any CPU.ActiveCfg = Debug|Any CPU
		{FDDB314E-FCFF-4838-A006-CE488291EF38}.Debug|Any CPU.Build.0 = Debug|Any CPU
		{FDDB314E-FCFF-4838-A006-CE488291EF38}.Release|Any CPU.ActiveCfg = Release|Any CPU
		{FDDB314E-FCFF-4838-A006-CE488291EF38}.Release|Any CPU.Build.0 = Release|Any CPU
	EndGlobalSection
	GlobalSection(SolutionProperties) = preSolution
		HideSolutionNode = FALSE
	EndGlobalSection
	GlobalSection(NestedProjects) = preSolution
		{7680498F-0E24-4EAD-9ED6-86875A17BCE6} = {7C834612-8F96-4F3F-8802-0CEA6C0845A4}
		{B5E17072-61C6-4282-8B7F-AFD468A84194} = {7680498F-0E24-4EAD-9ED6-86875A17BCE6}
		{2A137327-8A64-4A79-9F9E-A20540E20B62} = {7680498F-0E24-4EAD-9ED6-86875A17BCE6}
		{AE37EF14-4EC4-4D53-A3A8-90BECB3F9566} = {F2F4574C-5610-42B9-97A2-4BE24654020D}
		{0C7AE6F7-6068-4107-9BC7-44E9A48B26FA} = {F2F4574C-5610-42B9-97A2-4BE24654020D}
		{CFB96B45-E0FC-402F-97BE-0D9754CE7E3B} = {F2F4574C-5610-42B9-97A2-4BE24654020D}
		{4C84C2B7-9D2F-46DE-80A5-C44AA2873E92} = {9B1D80F4-01E7-40A5-9137-8724FB69EE55}
		{FDDB314E-FCFF-4838-A006-CE488291EF38} = {9B1D80F4-01E7-40A5-9137-8724FB69EE55}
	EndGlobalSection
EndGlobal
