
Microsoft Visual Studio Solution File, Format Version 11.00
# Visual Studio 2010
Project("{2150E333-8FDC-42A3-9474-1A3956D46DE8}") = "Solution Items", "Solution Items", "{7C834612-8F96-4F3F-8802-0CEA6C0845A4}"
	ProjectSection(SolutionItems) = preProject
		build.cmd = build.cmd
		License.txt = License.txt
		src\Notes.txt = src\Notes.txt
		ReSharper.XUnitTestRunner.build = ReSharper.XUnitTestRunner.build
	EndProjectSection
EndProject
Project("{2150E333-8FDC-42A3-9474-1A3956D46DE8}") = "ReSharper", "ReSharper", "{7680498F-0E24-4EAD-9ED6-86875A17BCE6}"
EndProject
Project("{2150E333-8FDC-42A3-9474-1A3956D46DE8}") = "External Annotations", "External Annotations", "{B5E17072-61C6-4282-8B7F-AFD468A84194}"
	ProjectSection(SolutionItems) = preProject
		src\ExternalAnnotations\xunit.xml = src\ExternalAnnotations\xunit.xml
	EndProjectSection
EndProject
Project("{2150E333-8FDC-42A3-9474-1A3956D46DE8}") = "Live Templates", "Live Templates", "{2A137327-8A64-4A79-9F9E-A20540E20B62}"
	ProjectSection(SolutionItems) = preProject
		src\LiveTemplates\xunit-ae.xml = src\LiveTemplates\xunit-ae.xml
		src\LiveTemplates\xunit-xe.xml = src\LiveTemplates\xunit-xe.xml
	EndProjectSection
EndProject
Project("{FAE04EC0-301F-11D3-BF4B-00C04F79EFBC}") = "XUnitTestRunner.Tests", "src\XUnitTestRunner.Tests\XUnitTestRunner.Tests.csproj", "{D4C11286-1981-4D28-A40E-FB624929C61D}"
EndProject
Project("{FAE04EC0-301F-11D3-BF4B-00C04F79EFBC}") = "XUnitTestProvider", "src\XUnitTestProvider\XUnitTestProvider.csproj", "{AE37EF14-4EC4-4D53-A3A8-90BECB3F9566}"
EndProject
Project("{FAE04EC0-301F-11D3-BF4B-00C04F79EFBC}") = "XUnitTestRunner", "src\XUnitTestRunner\XUnitTestRunner.csproj", "{CFB96B45-E0FC-402F-97BE-0D9754CE7E3B}"
EndProject
Project("{2150E333-8FDC-42A3-9474-1A3956D46DE8}") = "Setup", "Setup", "{8687D633-EB97-47EB-8A10-0C4DDE6765CE}"
EndProject
Project("{FAE04EC0-301F-11D3-BF4B-00C04F79EFBC}") = "Setup.TemplatesInstaller", "src\Setup.TemplatesInstaller\Setup.TemplatesInstaller.csproj", "{40BCA0DA-81F2-4F1F-8485-E069BC8B1E69}"
EndProject
Project("{FAE04EC0-301F-11D3-BF4B-00C04F79EFBC}") = "XUnitTestProvider.Debugger", "src\XUnitTestProvider\XUnitTestProvider.Debugger.csproj", "{0C7AE6F7-6068-4107-9BC7-44E9A48B26FA}"
EndProject
Global
	GlobalSection(SolutionConfigurationPlatforms) = preSolution
		Debug|Any CPU = Debug|Any CPU
		Release|Any CPU = Release|Any CPU
	EndGlobalSection
	GlobalSection(ProjectConfigurationPlatforms) = postSolution
		{D4C11286-1981-4D28-A40E-FB624929C61D}.Debug|Any CPU.ActiveCfg = Debug|Any CPU
		{D4C11286-1981-4D28-A40E-FB624929C61D}.Debug|Any CPU.Build.0 = Debug|Any CPU
		{D4C11286-1981-4D28-A40E-FB624929C61D}.Release|Any CPU.ActiveCfg = Release|Any CPU
		{D4C11286-1981-4D28-A40E-FB624929C61D}.Release|Any CPU.Build.0 = Release|Any CPU
		{AE37EF14-4EC4-4D53-A3A8-90BECB3F9566}.Debug|Any CPU.ActiveCfg = Debug|Any CPU
		{AE37EF14-4EC4-4D53-A3A8-90BECB3F9566}.Debug|Any CPU.Build.0 = Debug|Any CPU
		{AE37EF14-4EC4-4D53-A3A8-90BECB3F9566}.Release|Any CPU.ActiveCfg = Release|Any CPU
		{AE37EF14-4EC4-4D53-A3A8-90BECB3F9566}.Release|Any CPU.Build.0 = Release|Any CPU
		{CFB96B45-E0FC-402F-97BE-0D9754CE7E3B}.Debug|Any CPU.ActiveCfg = Debug|Any CPU
		{CFB96B45-E0FC-402F-97BE-0D9754CE7E3B}.Debug|Any CPU.Build.0 = Debug|Any CPU
		{CFB96B45-E0FC-402F-97BE-0D9754CE7E3B}.Release|Any CPU.ActiveCfg = Release|Any CPU
		{CFB96B45-E0FC-402F-97BE-0D9754CE7E3B}.Release|Any CPU.Build.0 = Release|Any CPU
		{40BCA0DA-81F2-4F1F-8485-E069BC8B1E69}.Debug|Any CPU.ActiveCfg = Debug|Any CPU
		{40BCA0DA-81F2-4F1F-8485-E069BC8B1E69}.Debug|Any CPU.Build.0 = Debug|Any CPU
		{40BCA0DA-81F2-4F1F-8485-E069BC8B1E69}.Release|Any CPU.ActiveCfg = Release|Any CPU
		{40BCA0DA-81F2-4F1F-8485-E069BC8B1E69}.Release|Any CPU.Build.0 = Release|Any CPU
		{0C7AE6F7-6068-4107-9BC7-44E9A48B26FA}.Debug|Any CPU.ActiveCfg = Debug|Any CPU
		{0C7AE6F7-6068-4107-9BC7-44E9A48B26FA}.Debug|Any CPU.Build.0 = Debug|Any CPU
		{0C7AE6F7-6068-4107-9BC7-44E9A48B26FA}.Release|Any CPU.ActiveCfg = Release|Any CPU
		{0C7AE6F7-6068-4107-9BC7-44E9A48B26FA}.Release|Any CPU.Build.0 = Release|Any CPU
	EndGlobalSection
	GlobalSection(SolutionProperties) = preSolution
		HideSolutionNode = FALSE
	EndGlobalSection
	GlobalSection(NestedProjects) = preSolution
		{7680498F-0E24-4EAD-9ED6-86875A17BCE6} = {7C834612-8F96-4F3F-8802-0CEA6C0845A4}
		{B5E17072-61C6-4282-8B7F-AFD468A84194} = {7680498F-0E24-4EAD-9ED6-86875A17BCE6}
		{2A137327-8A64-4A79-9F9E-A20540E20B62} = {7680498F-0E24-4EAD-9ED6-86875A17BCE6}
		{40BCA0DA-81F2-4F1F-8485-E069BC8B1E69} = {8687D633-EB97-47EB-8A10-0C4DDE6765CE}
	EndGlobalSection
EndGlobal
